" Generated by vim-plug
" Sat Mar  5 13:12:47 2022
" :source this file in vim to restore the snapshot
" or execute: vim -S snapshot.vim

silent! let g:plugs['MatchTagAlways'].commit = '352eb47'
silent! let g:plugs['NrrwRgn'].commit = 'be7f063'
silent! let g:plugs['SyntaxAttr.vim'].commit = '8debed4'
silent! let g:plugs['YankRing.vim'].commit = '28854ab'
silent! let g:plugs['ale'].commit = '5087246c'
silent! let g:plugs['asyncrun.vim'].commit = 'ecc511c'
silent! let g:plugs['bufexplorer.zip'].commit = '08b0100'
silent! let g:plugs['coc.nvim'].commit = '873b594'
silent! let g:plugs['committia.vim'].commit = '0b4df1a'
silent! let g:plugs['ctrlsf.vim'].commit = '2536895'
silent! let g:plugs['diffview.nvim'].commit = 'eef4745'
silent! let g:plugs['file-line'].commit = '559088a'
silent! let g:plugs['git-messenger.vim'].commit = '2e67899'
silent! let g:plugs['gitv'].commit = 'a73599c'
silent! let g:plugs['goyo.vim'].commit = 'a9c7283'
silent! let g:plugs['limelight.vim'].commit = 'eebac6c'
silent! let g:plugs['loremipsum'].commit = '39354ae'
silent! let g:plugs['markdown-preview.nvim'].commit = 'e5bfe9b'
silent! let g:plugs['nerdtree'].commit = 'eed488b'
silent! let g:plugs['nerdtree-git-plugin'].commit = 'e1fe727'
silent! let g:plugs['nvim-web-devicons'].commit = '634e268'
silent! let g:plugs['plenary.nvim'].commit = '563d9f6'
silent! let g:plugs['registers.nvim'].commit = '3a8b221'
silent! let g:plugs['tcomment_vim'].commit = '3729ae4'
silent! let g:plugs['telescope.nvim'].commit = '0011b11'
silent! let g:plugs['traces.vim'].commit = '803d977'
silent! let g:plugs['ultisnips'].commit = 'e98466f'
silent! let g:plugs['vim-airline'].commit = '95935e6'
silent! let g:plugs['vim-airline-themes'].commit = '97cf3e6'
silent! let g:plugs['vim-characterize'].commit = '967ac3a'
silent! let g:plugs['vim-closetag'].commit = 'c0779ef'
silent! let g:plugs['vim-colors-pencil'].commit = 'fcbdca1'
silent! let g:plugs['vim-devicons'].commit = 'a225865'
silent! let g:plugs['vim-doge'].commit = '88d8dfa'
silent! let g:plugs['vim-emoji'].commit = '9ed6515'
silent! let g:plugs['vim-fugitive'].commit = '59529a2'
silent! let g:plugs['vim-gitgutter'].commit = '256702d'
silent! let g:plugs['vim-graphql'].commit = '9a9fe18'
silent! let g:plugs['vim-highlightedyank'].commit = 'ff16bf3'
silent! let g:plugs['vim-html-template-literals'].commit = 'e6f3f8f'
silent! let g:plugs['vim-indent-guides'].commit = '765084d'
silent! let g:plugs['vim-indent-object'].commit = '5c5b24c'
silent! let g:plugs['vim-javascript'].commit = 'd6e1375'
silent! let g:plugs['vim-json'].commit = '3727f08'
silent! let g:plugs['vim-matchup'].commit = '07196cf'
silent! let g:plugs['vim-nerdtree-syntax-highlight'].commit = '5178ee4'
silent! let g:plugs['vim-pandoc-syntax'].commit = '5056e63'
silent! let g:plugs['vim-pencil'].commit = '942e02e'
silent! let g:plugs['vim-rails'].commit = 'de73f6d'
silent! let g:plugs['vim-repeat'].commit = '24afe92'
silent! let g:plugs['vim-rhubarb'].commit = '977b3cc'
silent! let g:plugs['vim-sleuth'].commit = '65ade24'
silent! let g:plugs['vim-smoothie'].commit = '10fd0aa'
silent! let g:plugs['vim-snippets'].commit = 'cbad57e'
silent! let g:plugs['vim-surround'].commit = 'aeb9332'
silent! let g:plugs['yats.vim'].commit = '3e6a462'

PlugUpdate!

