" Generated by vim-plug
" Tue Sep 14 11:29:36 2021
" :source this file in vim to restore the snapshot
" or execute: vim -S snapshot.vim

silent! let g:plugs['MatchTagAlways'].commit = '352eb47'
silent! let g:plugs['NrrwRgn'].commit = '82a0fc6'
silent! let g:plugs['SyntaxAttr.vim'].commit = '8debed4'
silent! let g:plugs['YankRing.vim'].commit = '28854ab'
silent! let g:plugs['ale'].commit = 'c5c58f5b'
silent! let g:plugs['asyncrun.vim'].commit = '168d6b4'
silent! let g:plugs['bufexplorer.zip'].commit = '08b0100'
silent! let g:plugs['coc.nvim'].commit = '287c743'
silent! let g:plugs['committia.vim'].commit = '1d28828'
silent! let g:plugs['ctrlsf.vim'].commit = 'aa9346a'
silent! let g:plugs['diffview.nvim'].commit = '520bb5c'
silent! let g:plugs['file-line'].commit = '559088a'
silent! let g:plugs['git-messenger.vim'].commit = 'f17e40e'
silent! let g:plugs['gitv'].commit = 'a73599c'
silent! let g:plugs['goyo.vim'].commit = 'a865dec'
silent! let g:plugs['limelight.vim'].commit = '4412a84'
silent! let g:plugs['loremipsum'].commit = '39354ae'
silent! let g:plugs['markdown-preview.nvim'].commit = 'e5bfe9b'
silent! let g:plugs['nerdtree'].commit = 'e5f24e2'
silent! let g:plugs['nerdtree-git-plugin'].commit = 'e1fe727'
silent! let g:plugs['nvim-web-devicons'].commit = '1a94ff0'
silent! let g:plugs['plenary.nvim'].commit = '06266e7'
silent! let g:plugs['registers.nvim'].commit = '3f522bd'
silent! let g:plugs['tcomment_vim'].commit = '5c5c311'
silent! let g:plugs['telescope.nvim'].commit = '55ec6c5'
silent! let g:plugs['traces.vim'].commit = '419ce02'
silent! let g:plugs['ultisnips'].commit = '53e1921'
silent! let g:plugs['vim-airline'].commit = '0de4c9d'
silent! let g:plugs['vim-airline-themes'].commit = '97cf3e6'
silent! let g:plugs['vim-characterize'].commit = '885a00a'
silent! let g:plugs['vim-closetag'].commit = 'c0779ef'
silent! let g:plugs['vim-colors-pencil'].commit = 'fcbdca1'
silent! let g:plugs['vim-devicons'].commit = 'd16475c'
silent! let g:plugs['vim-doge'].commit = '160fc0d'
silent! let g:plugs['vim-emoji'].commit = '9ed6515'
silent! let g:plugs['vim-fugitive'].commit = 'be0abe0'
silent! let g:plugs['vim-gitgutter'].commit = '256702d'
silent! let g:plugs['vim-graphql'].commit = 'de5753e'
silent! let g:plugs['vim-highlightedyank'].commit = '931cc6b'
silent! let g:plugs['vim-html-template-literals'].commit = 'e6f3f8f'
silent! let g:plugs['vim-indent-guides'].commit = '54d889a'
silent! let g:plugs['vim-indent-object'].commit = '5c5b24c'
silent! let g:plugs['vim-javascript'].commit = 'f8345cd'
silent! let g:plugs['vim-json'].commit = '3727f08'
silent! let g:plugs['vim-matchup'].commit = '4bbb22d'
silent! let g:plugs['vim-nerdtree-syntax-highlight'].commit = '5178ee4'
silent! let g:plugs['vim-pandoc-syntax'].commit = '5056e63'
silent! let g:plugs['vim-pencil'].commit = '942e02e'
silent! let g:plugs['vim-rails'].commit = '03a5c3e'
silent! let g:plugs['vim-repeat'].commit = '24afe92'
silent! let g:plugs['vim-rhubarb'].commit = '82e71b1'
silent! let g:plugs['vim-sleuth'].commit = '38bd401'
silent! let g:plugs['vim-smoothie'].commit = '10fd0aa'
silent! let g:plugs['vim-snippets'].commit = 'ef4f418'
silent! let g:plugs['vim-surround'].commit = 'f51a26d'
silent! let g:plugs['yats.vim'].commit = '3188778'

PlugUpdate!

