" Generated by vim-plug
" Tue Jul  9 13:01:41 2019
" :source this file in vim to restore the snapshot
" or execute: vim -S snapshot.vim

silent! let g:plugs['MatchTagAlways'].commit = '352eb47'
silent! let g:plugs['NrrwRgn'].commit = 'db03db9'
silent! let g:plugs['SyntaxAttr.vim'].commit = '8debed4'
silent! let g:plugs['YankRing.vim'].commit = '28854ab'
silent! let g:plugs['ale'].commit = '65ba4b8'
silent! let g:plugs['asyncrun.vim'].commit = '8633bd7'
silent! let g:plugs['bufexplorer.zip'].commit = '08b0100'
silent! let g:plugs['coc.nvim'].commit = 'fa429d0'
silent! let g:plugs['committia.vim'].commit = 'd367190'
silent! let g:plugs['ctrlsf.vim'].commit = 'ae116d4'
silent! let g:plugs['file-line'].commit = '559088a'
silent! let g:plugs['fzf'].commit = '9517462'
silent! let g:plugs['fzf.vim'].commit = '91ed5f4'
silent! let g:plugs['git-messenger.vim'].commit = '4bc69bd'
silent! let g:plugs['gitv'].commit = '89af431'
silent! let g:plugs['goyo.vim'].commit = '6b6ed27'
silent! let g:plugs['limelight.vim'].commit = '106fb57'
silent! let g:plugs['loremipsum'].commit = '39354ae'
silent! let g:plugs['matchit.zip'].commit = 'ced6c40'
silent! let g:plugs['nerdtree'].commit = '1c803b3'
silent! let g:plugs['nerdtree-git-plugin'].commit = '0501cdf'
silent! let g:plugs['scvim'].commit = 'c4ff55e'
silent! let g:plugs['selective-undo.vim'].commit = '03d7641'
silent! let g:plugs['tagbar'].commit = '387bbad'
silent! let g:plugs['tcomment_vim'].commit = '622cc05'
silent! let g:plugs['traces.vim'].commit = 'ce382ca'
silent! let g:plugs['ultisnips'].commit = '1a99766'
silent! let g:plugs['vim-abolish'].commit = 'b95463a'
silent! let g:plugs['vim-airline'].commit = '2db9b27'
silent! let g:plugs['vim-airline-themes'].commit = 'e6f2332'
silent! let g:plugs['vim-characterize'].commit = 'c6d26e5'
silent! let g:plugs['vim-closetag'].commit = '9f13011'
silent! let g:plugs['vim-colors-pencil'].commit = 'a28a0b1'
silent! let g:plugs['vim-devicons'].commit = '959586b'
silent! let g:plugs['vim-emoji'].commit = '9ed6515'
silent! let g:plugs['vim-fugitive'].commit = '198e9c4'
silent! let g:plugs['vim-gitgutter'].commit = '8aac968'
silent! let g:plugs['vim-graphql'].commit = '792c7bc'
silent! let g:plugs['vim-gutentags'].commit = 'eecb136'
silent! let g:plugs['vim-highlightedyank'].commit = '51e25c9'
silent! let g:plugs['vim-indent-guides'].commit = '54d889a'
silent! let g:plugs['vim-indent-object'].commit = '5c5b24c'
silent! let g:plugs['vim-json'].commit = '3727f08'
silent! let g:plugs['vim-livedown'].commit = '24c78c0'
silent! let g:plugs['vim-nerdtree-syntax-highlight'].commit = 'c62a66a'
silent! let g:plugs['vim-pandoc-syntax'].commit = '6710d46'
silent! let g:plugs['vim-pencil'].commit = '2dcd974'
silent! let g:plugs['vim-polyglot'].commit = 'd527002'
silent! let g:plugs['vim-rails'].commit = '2b33a3d'
silent! let g:plugs['vim-repeat'].commit = '0b9b5e7'
silent! let g:plugs['vim-rhubarb'].commit = 'c509c7e'
silent! let g:plugs['vim-sleuth'].commit = '7a104e3'
silent! let g:plugs['vim-snippets'].commit = 'a11cf5b'
silent! let g:plugs['vim-surround'].commit = 'ca58a2d'

PlugUpdate!

